
Microsoft Visual Studio Solution File, Format Version 12.00
# Visual Studio 2013
VisualStudioVersion = 12.0.21005.1
MinimumVisualStudioVersion = 10.0.40219.1
Project("{FAE04EC0-301F-11D3-BF4B-00C04F79EFBC}") = "Task1.Library", "Task1.Library\Task1.Library.csproj", "{0461C7BE-BEA2-404B-8355-C128060B7167}"
EndProject
Project("{FAE04EC0-301F-11D3-BF4B-00C04F79EFBC}") = "Task1.Console", "Task1.Console\Task1.Console.csproj", "{5DEF9DE8-E6A8-4A09-A32D-A9AA8BBF4291}"
EndProject
Project("{FAE04EC0-301F-11D3-BF4B-00C04F79EFBC}") = "Task4.Library", "Task4.Librarry\Task4.Library.csproj", "{EF19A545-CF15-486F-8BBC-A22EC388EA8D}"
EndProject
Project("{FAE04EC0-301F-11D3-BF4B-00C04F79EFBC}") = "Task4.Test", "Task4.Test\Task4.Test.csproj", "{C2C86F65-CAE8-4BF5-9B93-26D5E514F23E}"
EndProject
Global
	GlobalSection(SolutionConfigurationPlatforms) = preSolution
		Debug|Any CPU = Debug|Any CPU
		Release|Any CPU = Release|Any CPU
	EndGlobalSection
	GlobalSection(ProjectConfigurationPlatforms) = postSolution
		{0461C7BE-BEA2-404B-8355-C128060B7167}.Debug|Any CPU.ActiveCfg = Debug|Any CPU
		{0461C7BE-BEA2-404B-8355-C128060B7167}.Debug|Any CPU.Build.0 = Debug|Any CPU
		{0461C7BE-BEA2-404B-8355-C128060B7167}.Release|Any CPU.ActiveCfg = Release|Any CPU
		{0461C7BE-BEA2-404B-8355-C128060B7167}.Release|Any CPU.Build.0 = Release|Any CPU
		{5DEF9DE8-E6A8-4A09-A32D-A9AA8BBF4291}.Debug|Any CPU.ActiveCfg = Debug|Any CPU
		{5DEF9DE8-E6A8-4A09-A32D-A9AA8BBF4291}.Debug|Any CPU.Build.0 = Debug|Any CPU
		{5DEF9DE8-E6A8-4A09-A32D-A9AA8BBF4291}.Release|Any CPU.ActiveCfg = Release|Any CPU
		{5DEF9DE8-E6A8-4A09-A32D-A9AA8BBF4291}.Release|Any CPU.Build.0 = Release|Any CPU
		{EF19A545-CF15-486F-8BBC-A22EC388EA8D}.Debug|Any CPU.ActiveCfg = Debug|Any CPU
		{EF19A545-CF15-486F-8BBC-A22EC388EA8D}.Debug|Any CPU.Build.0 = Debug|Any CPU
		{EF19A545-CF15-486F-8BBC-A22EC388EA8D}.Release|Any CPU.ActiveCfg = Release|Any CPU
		{EF19A545-CF15-486F-8BBC-A22EC388EA8D}.Release|Any CPU.Build.0 = Release|Any CPU
		{C2C86F65-CAE8-4BF5-9B93-26D5E514F23E}.Debug|Any CPU.ActiveCfg = Debug|Any CPU
		{C2C86F65-CAE8-4BF5-9B93-26D5E514F23E}.Debug|Any CPU.Build.0 = Debug|Any CPU
		{C2C86F65-CAE8-4BF5-9B93-26D5E514F23E}.Release|Any CPU.ActiveCfg = Release|Any CPU
		{C2C86F65-CAE8-4BF5-9B93-26D5E514F23E}.Release|Any CPU.Build.0 = Release|Any CPU
	EndGlobalSection
	GlobalSection(SolutionProperties) = preSolution
		HideSolutionNode = FALSE
	EndGlobalSection
EndGlobal
